
Microsoft Visual Studio Solution File, Format Version 12.00
# Visual Studio Version 17
VisualStudioVersion = 17.14.36301.6 d17.14
MinimumVisualStudioVersion = 10.0.40219.1
Project("{8BC9CEB8-8B4A-11D0-8D11-00A0C91BC942}") = "SpectrumCUDA", "SpectrumCUDA\SpectrumCUDA.vcxproj", "{339B97CD-1655-43AB-B281-AD09E97571F6}"
EndProject
Global
	GlobalSection(SolutionConfigurationPlatforms) = preSolution
		Debug|x64 = Debug|x64
		Release|x64 = Release|x64
	EndGlobalSection
	GlobalSection(ProjectConfigurationPlatforms) = postSolution
		{339B97CD-1655-43AB-B281-AD09E97571F6}.Debug|x64.ActiveCfg = Debug|x64
		{339B97CD-1655-43AB-B281-AD09E97571F6}.Debug|x64.Build.0 = Debug|x64
		{339B97CD-1655-43AB-B281-AD09E97571F6}.Release|x64.ActiveCfg = Release|x64
		{339B97CD-1655-43AB-B281-AD09E97571F6}.Release|x64.Build.0 = Release|x64
	EndGlobalSection
	GlobalSection(SolutionProperties) = preSolution
		HideSolutionNode = FALSE
	EndGlobalSection
	GlobalSection(ExtensibilityGlobals) = postSolution
		SolutionGuid = {5E378029-017B-4D92-B37F-BCF9CA3E517D}
	EndGlobalSection
EndGlobal
